
Microsoft Visual Studio Solution File, Format Version 12.00
# Visual Studio Version 17
VisualStudioVersion = 17.4.33122.133
MinimumVisualStudioVersion = 10.0.40219.1
Project("{FAE04EC0-301F-11D3-BF4B-00C04F79EFBC}") = "BEProject", "BEProject\BEProject.csproj", "{D9EE2B57-1BAC-4F67-BD32-BA57B7A024EE}"
EndProject
Global
	GlobalSection(SolutionConfigurationPlatforms) = preSolution
		Debug|Any CPU = Debug|Any CPU
		Release|Any CPU = Release|Any CPU
	EndGlobalSection
	GlobalSection(ProjectConfigurationPlatforms) = postSolution
		{D9EE2B57-1BAC-4F67-BD32-BA57B7A024EE}.Debug|Any CPU.ActiveCfg = Debug|Any CPU
		{D9EE2B57-1BAC-4F67-BD32-BA57B7A024EE}.Debug|Any CPU.Build.0 = Debug|Any CPU
		{D9EE2B57-1BAC-4F67-BD32-BA57B7A024EE}.Release|Any CPU.ActiveCfg = Release|Any CPU
		{D9EE2B57-1BAC-4F67-BD32-BA57B7A024EE}.Release|Any CPU.Build.0 = Release|Any CPU
	EndGlobalSection
	GlobalSection(SolutionProperties) = preSolution
		HideSolutionNode = FALSE
	EndGlobalSection
	GlobalSection(ExtensibilityGlobals) = postSolution
		SolutionGuid = {B0F4D3FC-ED99-4E75-88B6-FB62932AB52B}
	EndGlobalSection
EndGlobal
